// !$*UTF8*$!
{
	archiveVersion = 1;
	classes = {
	};
	objectVersion = 77;
	objects = {

/* Begin PBXBuildFile section */
		5CD3F088D2074FA8712D8710 /* Assets.xcassets in Resources */ = {isa = PBXBuildFile; fileRef = 6CBFC050FD29B453C95CB03A /* Assets.xcassets */; };
		697407A36A80E12245371C55 /* AppDelegate.swift in Sources */ = {isa = PBXBuildFile; fileRef = 8B1F8B4E7243D5277A7C5B6F /* AppDelegate.swift */; };
		9539662C9048DFE52E01C4F7 /* ViewController.swift in Sources */ = {isa = PBXBuildFile; fileRef = 1D25191AAED35B33C49A5910 /* ViewController.swift */; };
		D5F2F303224A90EF3648F15D /* public in Resources */ = {isa = PBXBuildFile; fileRef = C2BB0437E6C2EB5D27E3586C /* public */; };
		F496DC57CF4E4E255096D40B /* SceneDelegate.swift in Sources */ = {isa = PBXBuildFile; fileRef = E7190DCE205345CD0523EEDA /* SceneDelegate.swift */; };
/* End PBXBuildFile section */

/* Begin PBXFileReference section */
		09B59782A44288159844FF83 /* NorcoastAmbience.app */ = {isa = PBXFileReference; includeInIndex = 0; lastKnownFileType = wrapper.application; path = NorcoastAmbience.app; sourceTree = BUILT_PRODUCTS_DIR; };
		1D25191AAED35B33C49A5910 /* ViewController.swift */ = {isa = PBXFileReference; lastKnownFileType = sourcecode.swift; path = ViewController.swift; sourceTree = "<group>"; };
		6CADA2C3D23ECFE19E270F66 /* Info.plist */ = {isa = PBXFileReference; lastKnownFileType = text.plist; path = Info.plist; sourceTree = "<group>"; };
		6CBFC050FD29B453C95CB03A /* Assets.xcassets */ = {isa = PBXFileReference; lastKnownFileType = folder.assetcatalog; path = Assets.xcassets; sourceTree = "<group>"; };
		8B1F8B4E7243D5277A7C5B6F /* AppDelegate.swift */ = {isa = PBXFileReference; lastKnownFileType = sourcecode.swift; path = AppDelegate.swift; sourceTree = "<group>"; };
		BC7810E86245CA816CBD33D4 /* NorcoastAmbience.entitlements */ = {isa = PBXFileReference; lastKnownFileType = text.plist.entitlements; path = NorcoastAmbience.entitlements; sourceTree = "<group>"; };
		C2BB0437E6C2EB5D27E3586C /* public */ = {isa = PBXFileReference; lastKnownFileType = folder; name = public; path = ../public; sourceTree = SOURCE_ROOT; };
		E7190DCE205345CD0523EEDA /* SceneDelegate.swift */ = {isa = PBXFileReference; lastKnownFileType = sourcecode.swift; path = SceneDelegate.swift; sourceTree = "<group>"; };
/* End PBXFileReference section */

/* Begin PBXGroup section */
		06FAD6BF262F639AB1DF058A /* Products */ = {
			isa = PBXGroup;
			children = (
				09B59782A44288159844FF83 /* NorcoastAmbience.app */,
			);
			name = Products;
			sourceTree = "<group>";
		};
		3D672B3BCFEEB1678F4FC2F8 /* norcoast-ambience-app */ = {
			isa = PBXGroup;
			children = (
				C2BB0437E6C2EB5D27E3586C /* public */,
			);
			name = "norcoast-ambience-app";
			path = ..;
			sourceTree = "<group>";
		};
		47D6EB6F5816C77913E754F0 /* Resources */ = {
			isa = PBXGroup;
			children = (
				6CBFC050FD29B453C95CB03A /* Assets.xcassets */,
			);
			path = Resources;
			sourceTree = "<group>";
		};
		968090315AEE6511D3E028CA = {
			isa = PBXGroup;
			children = (
				3D672B3BCFEEB1678F4FC2F8 /* norcoast-ambience-app */,
				A5E0AD3DA09663DBCA8675E0 /* NorcoastAmbience */,
				06FAD6BF262F639AB1DF058A /* Products */,
			);
			sourceTree = "<group>";
		};
		A5E0AD3DA09663DBCA8675E0 /* NorcoastAmbience */ = {
			isa = PBXGroup;
			children = (
				8B1F8B4E7243D5277A7C5B6F /* AppDelegate.swift */,
				6CADA2C3D23ECFE19E270F66 /* Info.plist */,
				BC7810E86245CA816CBD33D4 /* NorcoastAmbience.entitlements */,
				E7190DCE205345CD0523EEDA /* SceneDelegate.swift */,
				1D25191AAED35B33C49A5910 /* ViewController.swift */,
				47D6EB6F5816C77913E754F0 /* Resources */,
			);
			path = NorcoastAmbience;
			sourceTree = "<group>";
		};
/* End PBXGroup section */

/* Begin PBXNativeTarget section */
		17B1F22267E74DE9E3CDECEE /* NorcoastAmbience */ = {
			isa = PBXNativeTarget;
			buildConfigurationList = 16376FD2C4D474BD47CBED95 /* Build configuration list for PBXNativeTarget "NorcoastAmbience" */;
			buildPhases = (
				B5423BA83AA06927802B5850 /* Sources */,
				10DD32B402FE349C7E4730D7 /* Resources */,
			);
			buildRules = (
			);
			dependencies = (
			);
			name = NorcoastAmbience;
			packageProductDependencies = (
			);
			productName = NorcoastAmbience;
			productReference = 09B59782A44288159844FF83 /* NorcoastAmbience.app */;
			productType = "com.apple.product-type.application";
		};
/* End PBXNativeTarget section */

/* Begin PBXProject section */
		884986CB6910AF9284BD1A0B /* Project object */ = {
			isa = PBXProject;
			attributes = {
				BuildIndependentTargetsInParallel = YES;
				LastUpgradeCheck = 1500;
				TargetAttributes = {
				};
			};
			buildConfigurationList = 6D7FE9A1CC2643CB1BA2E8C1 /* Build configuration list for PBXProject "NorcoastAmbience" */;
			developmentRegion = en;
			hasScannedForEncodings = 0;
			knownRegions = (
				Base,
				en,
			);
			mainGroup = 968090315AEE6511D3E028CA;
			minimizedProjectReferenceProxies = 1;
			preferredProjectObjectVersion = 77;
			productRefGroup = 06FAD6BF262F639AB1DF058A /* Products */;
			projectDirPath = "";
			projectRoot = "";
			targets = (
				17B1F22267E74DE9E3CDECEE /* NorcoastAmbience */,
			);
		};
/* End PBXProject section */

/* Begin PBXResourcesBuildPhase section */
		10DD32B402FE349C7E4730D7 /* Resources */ = {
			isa = PBXResourcesBuildPhase;
			buildActionMask = 2147483647;
			files = (
				5CD3F088D2074FA8712D8710 /* Assets.xcassets in Resources */,
				D5F2F303224A90EF3648F15D /* public in Resources */,
			);
			runOnlyForDeploymentPostprocessing = 0;
		};
/* End PBXResourcesBuildPhase section */

/* Begin PBXSourcesBuildPhase section */
		B5423BA83AA06927802B5850 /* Sources */ = {
			isa = PBXSourcesBuildPhase;
			buildActionMask = 2147483647;
			files = (
				697407A36A80E12245371C55 /* AppDelegate.swift in Sources */,
				F496DC57CF4E4E255096D40B /* SceneDelegate.swift in Sources */,
				9539662C9048DFE52E01C4F7 /* ViewController.swift in Sources */,
			);
			runOnlyForDeploymentPostprocessing = 0;
		};
/* End PBXSourcesBuildPhase section */

/* Begin XCBuildConfiguration section */
		A352092C0715F7835CBA1B7A /* Debug */ = {
			isa = XCBuildConfiguration;
			buildSettings = {
				ASSETCATALOG_COMPILER_APPICON_NAME = AppIcon;
				CODE_SIGN_ENTITLEMENTS = NorcoastAmbience/NorcoastAmbience.entitlements;
				CODE_SIGN_IDENTITY = "iPhone Developer";
				GENERATE_INFOPLIST_FILE = NO;
				INFOPLIST_FILE = NorcoastAmbience/Info.plist;
				LD_RUNPATH_SEARCH_PATHS = (
					"$(inherited)",
					"@executable_path/Frameworks",
				);
				PRODUCT_BUNDLE_IDENTIFIER = com.norcoast.ambience;
				SDKROOT = iphoneos;
				TARGETED_DEVICE_FAMILY = "1,2";
			};
			name = Debug;
		};
		AECBC4C6259486EEE3A3245C /* Release */ = {
			isa = XCBuildConfiguration;
			buildSettings = {
				ALWAYS_SEARCH_USER_PATHS = NO;
				CLANG_ANALYZER_NONNULL = YES;
				CLANG_ANALYZER_NUMBER_OBJECT_CONVERSION = YES_AGGRESSIVE;
				CLANG_CXX_LANGUAGE_STANDARD = "gnu++14";
				CLANG_CXX_LIBRARY = "libc++";
				CLANG_ENABLE_MODULES = YES;
				CLANG_ENABLE_OBJC_ARC = YES;
				CLANG_ENABLE_OBJC_WEAK = YES;
				CLANG_WARN_BLOCK_CAPTURE_AUTORELEASING = YES;
				CLANG_WARN_BOOL_CONVERSION = YES;
				CLANG_WARN_COMMA = YES;
				CLANG_WARN_CONSTANT_CONVERSION = YES;
				CLANG_WARN_DEPRECATED_OBJC_IMPLEMENTATIONS = YES;
				CLANG_WARN_DIRECT_OBJC_ISA_USAGE = YES_ERROR;
				CLANG_WARN_DOCUMENTATION_COMMENTS = YES;
				CLANG_WARN_EMPTY_BODY = YES;
				CLANG_WARN_ENUM_CONVERSION = YES;
				CLANG_WARN_INFINITE_RECURSION = YES;
				CLANG_WARN_INT_CONVERSION = YES;
				CLANG_WARN_NON_LITERAL_NULL_CONVERSION = YES;
				CLANG_WARN_OBJC_IMPLICIT_RETAIN_SELF = YES;
				CLANG_WARN_OBJC_LITERAL_CONVERSION = YES;
				CLANG_WARN_OBJC_ROOT_CLASS = YES_ERROR;
				CLANG_WARN_QUOTED_INCLUDE_IN_FRAMEWORK_HEADER = YES;
				CLANG_WARN_RANGE_LOOP_ANALYSIS = YES;
				CLANG_WARN_STRICT_PROTOTYPES = YES;
				CLANG_WARN_SUSPICIOUS_MOVE = YES;
				CLANG_WARN_UNGUARDED_AVAILABILITY = YES_AGGRESSIVE;
				CLANG_WARN_UNREACHABLE_CODE = YES;
				CLANG_WARN__DUPLICATE_METHOD_MATCH = YES;
				COPY_PHASE_STRIP = NO;
				CURRENT_PROJECT_VERSION = 1;
				DEBUG_INFORMATION_FORMAT = "dwarf-with-dsym";
				ENABLE_BITCODE = NO;
				ENABLE_NS_ASSERTIONS = NO;
				ENABLE_STRICT_OBJC_MSGSEND = YES;
				GCC_C_LANGUAGE_STANDARD = gnu11;
				GCC_NO_COMMON_BLOCKS = YES;
				GCC_WARN_64_TO_32_BIT_CONVERSION = YES;
				GCC_WARN_ABOUT_RETURN_TYPE = YES_ERROR;
				GCC_WARN_UNDECLARED_SELECTOR = YES;
				GCC_WARN_UNINITIALIZED_AUTOS = YES_AGGRESSIVE;
				GCC_WARN_UNUSED_FUNCTION = YES;
				GCC_WARN_UNUSED_VARIABLE = YES;
				INFOPLIST_FILE = NorcoastAmbience/Info.plist;
				IPHONEOS_DEPLOYMENT_TARGET = 16.0;
				MACOSX_DEPLOYMENT_TARGET = 13.0;
				MARKETING_VERSION = 1.0;
				MTL_ENABLE_DEBUG_INFO = NO;
				MTL_FAST_MATH = YES;
				PRODUCT_NAME = "$(TARGET_NAME)";
				SDKROOT = iphoneos;
				SUPPORTS_MACCATALYST = NO;
				SWIFT_COMPILATION_MODE = wholemodule;
				SWIFT_OPTIMIZATION_LEVEL = "-O";
				SWIFT_VERSION = 5.9;
				TARGETED_DEVICE_FAMILY = "1,2";
			};
			name = Release;
		};
		CFB4E178D542D6709794DC75 /* Release */ = {
			isa = XCBuildConfiguration;
			buildSettings = {
				ASSETCATALOG_COMPILER_APPICON_NAME = AppIcon;
				CODE_SIGN_ENTITLEMENTS = NorcoastAmbience/NorcoastAmbience.entitlements;
				CODE_SIGN_IDENTITY = "iPhone Developer";
				GENERATE_INFOPLIST_FILE = NO;
				INFOPLIST_FILE = NorcoastAmbience/Info.plist;
				LD_RUNPATH_SEARCH_PATHS = (
					"$(inherited)",
					"@executable_path/Frameworks",
				);
				PRODUCT_BUNDLE_IDENTIFIER = com.norcoast.ambience;
				SDKROOT = iphoneos;
				TARGETED_DEVICE_FAMILY = "1,2";
			};
			name = Release;
		};
		DD5697F00CE8881B1863C69B /* Debug */ = {
			isa = XCBuildConfiguration;
			buildSettings = {
				ALWAYS_SEARCH_USER_PATHS = NO;
				CLANG_ANALYZER_NONNULL = YES;
				CLANG_ANALYZER_NUMBER_OBJECT_CONVERSION = YES_AGGRESSIVE;
				CLANG_CXX_LANGUAGE_STANDARD = "gnu++14";
				CLANG_CXX_LIBRARY = "libc++";
				CLANG_ENABLE_MODULES = YES;
				CLANG_ENABLE_OBJC_ARC = YES;
				CLANG_ENABLE_OBJC_WEAK = YES;
				CLANG_WARN_BLOCK_CAPTURE_AUTORELEASING = YES;
				CLANG_WARN_BOOL_CONVERSION = YES;
				CLANG_WARN_COMMA = YES;
				CLANG_WARN_CONSTANT_CONVERSION = YES;
				CLANG_WARN_DEPRECATED_OBJC_IMPLEMENTATIONS = YES;
				CLANG_WARN_DIRECT_OBJC_ISA_USAGE = YES_ERROR;
				CLANG_WARN_DOCUMENTATION_COMMENTS = YES;
				CLANG_WARN_EMPTY_BODY = YES;
				CLANG_WARN_ENUM_CONVERSION = YES;
				CLANG_WARN_INFINITE_RECURSION = YES;
				CLANG_WARN_INT_CONVERSION = YES;
				CLANG_WARN_NON_LITERAL_NULL_CONVERSION = YES;
				CLANG_WARN_OBJC_IMPLICIT_RETAIN_SELF = YES;
				CLANG_WARN_OBJC_LITERAL_CONVERSION = YES;
				CLANG_WARN_OBJC_ROOT_CLASS = YES_ERROR;
				CLANG_WARN_QUOTED_INCLUDE_IN_FRAMEWORK_HEADER = YES;
				CLANG_WARN_RANGE_LOOP_ANALYSIS = YES;
				CLANG_WARN_STRICT_PROTOTYPES = YES;
				CLANG_WARN_SUSPICIOUS_MOVE = YES;
				CLANG_WARN_UNGUARDED_AVAILABILITY = YES_AGGRESSIVE;
				CLANG_WARN_UNREACHABLE_CODE = YES;
				CLANG_WARN__DUPLICATE_METHOD_MATCH = YES;
				COPY_PHASE_STRIP = NO;
				CURRENT_PROJECT_VERSION = 1;
				DEBUG_INFORMATION_FORMAT = dwarf;
				ENABLE_BITCODE = NO;
				ENABLE_STRICT_OBJC_MSGSEND = YES;
				ENABLE_TESTABILITY = YES;
				GCC_C_LANGUAGE_STANDARD = gnu11;
				GCC_DYNAMIC_NO_PIC = NO;
				GCC_NO_COMMON_BLOCKS = YES;
				GCC_OPTIMIZATION_LEVEL = 0;
				GCC_PREPROCESSOR_DEFINITIONS = (
					"$(inherited)",
					"DEBUG=1",
				);
				GCC_WARN_64_TO_32_BIT_CONVERSION = YES;
				GCC_WARN_ABOUT_RETURN_TYPE = YES_ERROR;
				GCC_WARN_UNDECLARED_SELECTOR = YES;
				GCC_WARN_UNINITIALIZED_AUTOS = YES_AGGRESSIVE;
				GCC_WARN_UNUSED_FUNCTION = YES;
				GCC_WARN_UNUSED_VARIABLE = YES;
				INFOPLIST_FILE = NorcoastAmbience/Info.plist;
				IPHONEOS_DEPLOYMENT_TARGET = 16.0;
				MACOSX_DEPLOYMENT_TARGET = 13.0;
				MARKETING_VERSION = 1.0;
				MTL_ENABLE_DEBUG_INFO = INCLUDE_SOURCE;
				MTL_FAST_MATH = YES;
				ONLY_ACTIVE_ARCH = YES;
				PRODUCT_NAME = "$(TARGET_NAME)";
				SDKROOT = iphoneos;
				SUPPORTS_MACCATALYST = NO;
				SWIFT_ACTIVE_COMPILATION_CONDITIONS = DEBUG;
				SWIFT_OPTIMIZATION_LEVEL = "-Onone";
				SWIFT_VERSION = 5.9;
				TARGETED_DEVICE_FAMILY = "1,2";
			};
			name = Debug;
		};
/* End XCBuildConfiguration section */

/* Begin XCConfigurationList section */
		16376FD2C4D474BD47CBED95 /* Build configuration list for PBXNativeTarget "NorcoastAmbience" */ = {
			isa = XCConfigurationList;
			buildConfigurations = (
				A352092C0715F7835CBA1B7A /* Debug */,
				CFB4E178D542D6709794DC75 /* Release */,
			);
			defaultConfigurationIsVisible = 0;
			defaultConfigurationName = Debug;
		};
		6D7FE9A1CC2643CB1BA2E8C1 /* Build configuration list for PBXProject "NorcoastAmbience" */ = {
			isa = XCConfigurationList;
			buildConfigurations = (
				DD5697F00CE8881B1863C69B /* Debug */,
				AECBC4C6259486EEE3A3245C /* Release */,
			);
			defaultConfigurationIsVisible = 0;
			defaultConfigurationName = Debug;
		};
/* End XCConfigurationList section */
	};
	rootObject = 884986CB6910AF9284BD1A0B /* Project object */;
}
